<?xml version="1.0" encoding="utf-8"?>
<Project ToolsVersion="4.0" xmlns="http://schemas.microsoft.com/developer/msbuild/2003">
  <ItemGroup>
    <Filter Include="Source Files">
      <UniqueIdentifier>{4FC737F1-C7A5-4376-A066-2A32D752A2FF}</UniqueIdentifier>
      <Extensions>cpp;c;cc;cxx;def;odl;idl;hpj;bat;asm;asmx</Extensions>
    </Filter>
    <Filter Include="Header Files">
      <UniqueIdentifier>{93995380-89BD-4b04-88EB-625FBE52EBFB}</UniqueIdentifier>
      <Extensions>h;hpp;hxx;hm;inl;inc;xsd</Extensions>
    </Filter>
    <Filter Include="Resource Files">
      <UniqueIdentifier>{67DA6AB6-F800-4c08-8B7A-83BB121AAD01}</UniqueIdentifier>
      <Extensions>rc;ico;cur;bmp;dlg;rc2;rct;bin;rgs;gif;jpg;jpeg;jpe;resx;tiff;tif;png;wav;mfcribbon-ms</Extensions>
    </Filter>
  </ItemGroup>
  <ItemGroup>
    <ClCompile Include="..\vl\stringop.c">
      <Filter>Source Files</Filter>
    </ClCompile>
    <ClCompile Include="..\vl\aib.c">
      <Filter>Source Files</Filter>
    </ClCompile>
    <ClCompile Include="..\vl\array.c">
      <Filter>Source Files</Filter>
    </ClCompile>
    <ClCompile Include="..\vl\dsift.c">
      <Filter>Source Files</Filter>
    </ClCompile>
    <ClCompile Include="..\vl\generic.c">
      <Filter>Source Files</Filter>
    </ClCompile>
    <ClCompile Include="..\vl\getopt_long.c">
      <Filter>Source Files</Filter>
    </ClCompile>
    <ClCompile Include="..\vl\hikmeans.c">
      <Filter>Source Files</Filter>
    </ClCompile>
    <ClCompile Include="..\vl\homkermap.c">
      <Filter>Source Files</Filter>
    </ClCompile>
    <ClCompile Include="..\vl\host.c">
      <Filter>Source Files</Filter>
    </ClCompile>
    <ClCompile Include="..\vl\ikmeans.c">
      <Filter>Source Files</Filter>
    </ClCompile>
    <ClCompile Include="..\vl\imopv.c">
      <Filter>Source Files</Filter>
    </ClCompile>
    <ClCompile Include="..\vl\imopv_sse2.c">
      <Filter>Source Files</Filter>
    </ClCompile>
    <ClCompile Include="..\vl\kdtree.c">
      <Filter>Source Files</Filter>
    </ClCompile>
    <ClCompile Include="..\vl\kmeans.c">
      <Filter>Source Files</Filter>
    </ClCompile>
    <ClCompile Include="..\vl\lbp.c">
      <Filter>Source Files</Filter>
    </ClCompile>
    <ClCompile Include="..\vl\mathop.c">
      <Filter>Source Files</Filter>
    </ClCompile>
    <ClCompile Include="..\vl\mathop_sse2.c">
      <Filter>Source Files</Filter>
    </ClCompile>
    <ClCompile Include="..\vl\mser.c">
      <Filter>Source Files</Filter>
    </ClCompile>
    <ClCompile Include="..\vl\pegasos.c">
      <Filter>Source Files</Filter>
    </ClCompile>
    <ClCompile Include="..\vl\pgm.c">
      <Filter>Source Files</Filter>
    </ClCompile>
    <ClCompile Include="..\vl\quickshift.c">
      <Filter>Source Files</Filter>
    </ClCompile>
    <ClCompile Include="..\vl\random.c">
      <Filter>Source Files</Filter>
    </ClCompile>
    <ClCompile Include="..\vl\rodrigues.c">
      <Filter>Source Files</Filter>
    </ClCompile>
    <ClCompile Include="..\vl\sift.c">
      <Filter>Source Files</Filter>
    </ClCompile>
  </ItemGroup>
  <ItemGroup>
    <ClInclude Include="..\vl\stringop.h">
      <Filter>Header Files</Filter>
    </ClInclude>
    <ClInclude Include="..\vl\aib.h">
      <Filter>Header Files</Filter>
    </ClInclude>
    <ClInclude Include="..\vl\array.h">
      <Filter>Header Files</Filter>
    </ClInclude>
    <ClInclude Include="..\vl\dsift.h">
      <Filter>Header Files</Filter>
    </ClInclude>
    <ClInclude Include="..\vl\generic.h">
      <Filter>Header Files</Filter>
    </ClInclude>
    <ClInclude Include="..\vl\getopt_long.h">
      <Filter>Header Files</Filter>
    </ClInclude>
    <ClInclude Include="..\vl\heap-def.h">
      <Filter>Header Files</Filter>
    </ClInclude>
    <ClInclude Include="..\vl\hikmeans.h">
      <Filter>Header Files</Filter>
    </ClInclude>
    <ClInclude Include="..\vl\homkermap.h">
      <Filter>Header Files</Filter>
    </ClInclude>
    <ClInclude Include="..\vl\host.h">
      <Filter>Header Files</Filter>
    </ClInclude>
    <ClInclude Include="..\vl\ikmeans.h">
      <Filter>Header Files</Filter>
    </ClInclude>
    <ClInclude Include="..\vl\imopv.h">
      <Filter>Header Files</Filter>
    </ClInclude>
    <ClInclude Include="..\vl\imopv_sse2.h">
      <Filter>Header Files</Filter>
    </ClInclude>
    <ClInclude Include="..\vl\kdtree.h">
      <Filter>Header Files</Filter>
    </ClInclude>
    <ClInclude Include="..\vl\kmeans.h">
      <Filter>Header Files</Filter>
    </ClInclude>
    <ClInclude Include="..\vl\lbp.h">
      <Filter>Header Files</Filter>
    </ClInclude>
    <ClInclude Include="..\vl\mathop.h">
      <Filter>Header Files</Filter>
    </ClInclude>
    <ClInclude Include="..\vl\mathop_sse2.h">
      <Filter>Header Files</Filter>
    </ClInclude>
    <ClInclude Include="..\vl\mser.h">
      <Filter>Header Files</Filter>
    </ClInclude>
    <ClInclude Include="..\vl\pegasos.h">
      <Filter>Header Files</Filter>
    </ClInclude>
    <ClInclude Include="..\vl\pgm.h">
      <Filter>Header Files</Filter>
    </ClInclude>
    <ClInclude Include="..\vl\qsort-def.h">
      <Filter>Header Files</Filter>
    </ClInclude>
    <ClInclude Include="..\vl\quickshift.h">
      <Filter>Header Files</Filter>
    </ClInclude>
    <ClInclude Include="..\vl\random.h">
      <Filter>Header Files</Filter>
    </ClInclude>
    <ClInclude Include="..\vl\rodrigues.h">
      <Filter>Header Files</Filter>
    </ClInclude>
    <ClInclude Include="..\vl\shuffle-def.h">
      <Filter>Header Files</Filter>
    </ClInclude>
    <ClInclude Include="..\vl\sift.h">
      <Filter>Header Files</Filter>
    </ClInclude>
  </ItemGroup>
</Project>